<?xml version="1.0" encoding="utf-8"?>
<Project ToolsVersion="4.0" xmlns="http://schemas.microsoft.com/developer/msbuild/2003">
  <ItemGroup>
    <Filter Include="Исходные файлы">
      <UniqueIdentifier>{4FC737F1-C7A5-4376-A066-2A32D752A2FF}</UniqueIdentifier>
      <Extensions>cpp;c;cc;cxx;def;odl;idl;hpj;bat;asm;asmx</Extensions>
    </Filter>
    <Filter Include="Файлы заголовков">
      <UniqueIdentifier>{93995380-89BD-4b04-88EB-625FBE52EBFB}</UniqueIdentifier>
      <Extensions>h;hh;hpp;hxx;hm;inl;inc;ipp;xsd</Extensions>
    </Filter>
    <Filter Include="Файлы ресурсов">
      <UniqueIdentifier>{67DA6AB6-F800-4c08-8B7A-83BB121AAD01}</UniqueIdentifier>
      <Extensions>rc;ico;cur;bmp;dlg;rc2;rct;bin;rgs;gif;jpg;jpeg;jpe;resx;tiff;tif;png;wav;mfcribbon-ms</Extensions>
    </Filter>
    <Filter Include="Файлы заголовков\Vulkan">
      <UniqueIdentifier>{4c6f16c4-d092-4f65-8d5a-01872e7f7b0a}</UniqueIdentifier>
    </Filter>
  </ItemGroup>
  <ItemGroup>
    <ClCompile Include="pch.cpp">
      <Filter>Исходные файлы</Filter>
    </ClCompile>
    <ClCompile Include="Utils.cpp">
      <Filter>Исходные файлы</Filter>
    </ClCompile>
    <ClCompile Include="..\..\..\..\Загрузки\vulkan renderer\main_cpp.cpp">
      <Filter>Исходные файлы</Filter>
    </ClCompile>
    <ClCompile Include="..\..\..\..\Загрузки\vulkan renderer\camera.cpp">
      <Filter>Исходные файлы</Filter>
    </ClCompile>
    <ClCompile Include="..\..\..\..\Загрузки\vulkan renderer\mesh.cpp">
      <Filter>Исходные файлы</Filter>
    </ClCompile>
    <ClCompile Include="..\..\..\..\Загрузки\vulkan renderer\vulkanapp.cpp">
      <Filter>Исходные файлы</Filter>
    </ClCompile>
    <ClCompile Include="..\..\..\..\Загрузки\vulkan renderer\vulkandevice.cpp">
      <Filter>Исходные файлы</Filter>
    </ClCompile>
    <ClCompile Include="..\..\..\..\Загрузки\vulkan renderer\vulkanpipeline.cpp">
      <Filter>Исходные файлы</Filter>
    </ClCompile>
    <ClCompile Include="..\..\..\..\Загрузки\vulkan renderer\vulkanswapchain.cpp">
      <Filter>Исходные файлы</Filter>
    </ClCompile>
  </ItemGroup>
  <ItemGroup>
    <ClInclude Include="pch.h">
      <Filter>Исходные файлы</Filter>
    </ClInclude>
    <ClInclude Include="Utils.h">
      <Filter>Исходные файлы</Filter>
    </ClInclude>
    <ClInclude Include="..\..\..\..\Загрузки\vulkan renderer\camera.h">
      <Filter>Исходные файлы</Filter>
    </ClInclude>
    <ClInclude Include="..\..\..\..\Загрузки\vulkan renderer\vulkandevice.h">
      <Filter>Исходные файлы</Filter>
    </ClInclude>
    <ClInclude Include="..\..\..\..\Загрузки\vulkan renderer\vulkanpipeline.h">
      <Filter>Исходные файлы</Filter>
    </ClInclude>
    <ClInclude Include="..\..\..\..\Загрузки\vulkan renderer\vulkanswapchain.h">
      <Filter>Исходные файлы</Filter>
    </ClInclude>
    <ClInclude Include="..\..\..\..\Загрузки\vulkan renderer\vulkanapp.h">
      <Filter>Исходные файлы</Filter>
    </ClInclude>
    <ClInclude Include="..\..\..\..\Загрузки\vulkan renderer\mesh.h">
      <Filter>Исходные файлы</Filter>
    </ClInclude>
    <ClInclude Include="Model.h">
      <Filter>Файлы заголовков</Filter>
    </ClInclude>
  </ItemGroup>
  <ItemGroup>
    <Text Include="Layers info.txt">
      <Filter>Исходные файлы</Filter>
    </Text>
    <Text Include="..\..\..\..\Загрузки\vulkan renderer\compile_bat.bat">
      <Filter>Исходные файлы</Filter>
    </Text>
  </ItemGroup>
  <ItemGroup>
    <None Include="..\..\..\..\Загрузки\vulkan renderer\shader.vertex">
      <Filter>Исходные файлы</Filter>
    </None>
    <None Include="..\..\..\..\Загрузки\vulkan renderer\shader.fragment">
      <Filter>Исходные файлы</Filter>
    </None>
    <None Include="..\..\..\..\Загрузки\vulkan renderer\shaders\frag.spv">
      <Filter>Исходные файлы</Filter>
    </None>
    <None Include="..\..\..\..\Загрузки\vulkan renderer\shaders\vert.spv">
      <Filter>Исходные файлы</Filter>
    </None>
  </ItemGroup>
</Project>